dependencies:
- name: kong
  repository: https://charts.konghq.com
  version: 2.38.0
- name: postgresql
  repository: https://charts.bitnami.com/bitnami
  version: 18.2.0
- name: postgresql
  repository: https://charts.bitnami.com/bitnami
  version: 18.2.0
- name: postgresql
  repository: https://charts.bitnami.com/bitnami
  version: 18.2.0
- name: mongodb
  repository: https://charts.bitnami.com/bitnami
  version: 18.1.20
- name: minio
  repository: https://charts.min.io/
  version: 5.3.0
- name: user-service
  repository: file://../service-charts/user-service
  version: 0.1.0
- name: accommodation-service
  repository: file://../service-charts/accommodation-service
  version: 0.1.0
- name: reservation-service
  repository: file://../service-charts/reservation-service
  version: 0.1.0
- name: rating-service
  repository: file://../service-charts/rating-service
  version: 0.1.0
- name: notification-service
  repository: file://../service-charts/notification-service
  version: 0.1.0
- name: kube-prometheus-stack
  repository: https://prometheus-community.github.io/helm-charts
  version: 67.4.0
- name: loki
  repository: https://grafana.github.io/helm-charts
  version: 6.24.0
- name: promtail
  repository: https://grafana.github.io/helm-charts
  version: 6.16.6
- name: jaeger
  repository: https://jaegertracing.github.io/helm-charts
  version: 3.4.1
digest: sha256:9eaed6ab5bb3d65e479d87ef915f9aead9bd18137fa564db8cbe1159b760e579
generated: "2026-01-24T18:44:48.8065848+01:00"
