dependencies:
- name: kong
  repository: https://charts.konghq.com
  version: 2.38.0
- name: postgresql
  repository: https://charts.bitnami.com/bitnami
  version: 18.2.0
- name: postgresql
  repository: https://charts.bitnami.com/bitnami
  version: 18.2.0
- name: mongodb
  repository: https://charts.bitnami.com/bitnami
  version: 18.1.20
- name: user-service
  repository: file://../charts/user-service
  version: 0.1.0
- name: accommodation-service
  repository: file://../charts/accommodation-service
  version: 0.1.0
- name: rating-service
  repository: file://../charts/rating-service
  version: 0.1.0
digest: sha256:0586bfb34d160e850fc568ebdc7de6b4a73bc3f5eab38ad7f75cf80098db236b
generated: "2025-12-30T12:11:47.4529357+01:00"
