dependencies:
- name: kong
  repository: https://charts.konghq.com
  version: 2.38.0
- name: postgresql
  repository: https://charts.bitnami.com/bitnami
  version: 18.2.0
- name: postgresql
  repository: https://charts.bitnami.com/bitnami
  version: 18.2.0
- name: postgresql
  repository: https://charts.bitnami.com/bitnami
  version: 18.2.0
- name: mongodb
  repository: https://charts.bitnami.com/bitnami
  version: 18.1.20
- name: user-service
  repository: file://../service-charts/user-service
  version: 0.1.0
- name: accommodation-service
  repository: file://../service-charts/accommodation-service
  version: 0.1.0
- name: reservation-service
  repository: file://../service-charts/reservation-service
  version: 0.1.0
- name: rating-service
  repository: file://../service-charts/rating-service
  version: 0.1.0
digest: sha256:23ab94a94ab0e1cd7385794b167f07b7fbbbf553f6cbe97ca0dd479ceb6ae44c
generated: "2026-01-11T22:53:26.5815412+01:00"
